
Microsoft Visual Studio Solution File, Format Version 12.00
# Visual Studio Version 17
VisualStudioVersion = 17.7.34003.232
MinimumVisualStudioVersion = 10.0.40219.1
Project("{FAE04EC0-301F-11D3-BF4B-00C04F79EFBC}") = "Elmah.Io.JavaScript.AspNetCore60", "Elmah.Io.JavaScript.AspNetCore60\Elmah.Io.JavaScript.AspNetCore60.csproj", "{05DB8AE1-865A-4446-BC48-31B42CED070A}"
EndProject
Global
	GlobalSection(SolutionConfigurationPlatforms) = preSolution
		Debug|Any CPU = Debug|Any CPU
		Release|Any CPU = Release|Any CPU
	EndGlobalSection
	GlobalSection(ProjectConfigurationPlatforms) = postSolution
		{05DB8AE1-865A-4446-BC48-31B42CED070A}.Debug|Any CPU.ActiveCfg = Debug|Any CPU
		{05DB8AE1-865A-4446-BC48-31B42CED070A}.Debug|Any CPU.Build.0 = Debug|Any CPU
		{05DB8AE1-865A-4446-BC48-31B42CED070A}.Release|Any CPU.ActiveCfg = Release|Any CPU
		{05DB8AE1-865A-4446-BC48-31B42CED070A}.Release|Any CPU.Build.0 = Release|Any CPU
	EndGlobalSection
	GlobalSection(SolutionProperties) = preSolution
		HideSolutionNode = FALSE
	EndGlobalSection
	GlobalSection(ExtensibilityGlobals) = postSolution
		SolutionGuid = {F53EBB92-70AB-4C1A-83B9-D816E84FF377}
	EndGlobalSection
EndGlobal
